# THIS IS AN AUTOGENERATED FILE. DO NOT EDIT THIS FILE DIRECTLY.
# yarn lockfile v1


"@esbuild/android-arm64@0.17.3":
  version "0.17.3"
  resolved "https://registry.yarnpkg.com/@esbuild/android-arm64/-/android-arm64-0.17.3.tgz#35d045f69c9b4cf3f8efcd1ced24a560213d3346"

"@esbuild/android-arm@0.17.3":
  version "0.17.3"
  resolved "https://registry.yarnpkg.com/@esbuild/android-arm/-/android-arm-0.17.3.tgz#4986d26306a7440078d42b3bf580d186ef714286"

"@esbuild/android-x64@0.17.3":
  version "0.17.3"
  resolved "https://registry.yarnpkg.com/@esbuild/android-x64/-/android-x64-0.17.3.tgz#a1928cd681e4055103384103c8bd34df7b9c7b19"

"@esbuild/darwin-arm64@0.17.3":
  version "0.17.3"
  resolved "https://registry.yarnpkg.com/@esbuild/darwin-arm64/-/darwin-arm64-0.17.3.tgz#e4af2b392e5606a4808d3a78a99d38c27af39f1d"

"@esbuild/darwin-x64@0.17.3":
  version "0.17.3"
  resolved "https://registry.yarnpkg.com/@esbuild/darwin-x64/-/darwin-x64-0.17.3.tgz#cbcbfb32c8d5c86953f215b48384287530c5a38e"

"@esbuild/freebsd-arm64@0.17.3":
  version "0.17.3"
  resolved "https://registry.yarnpkg.com/@esbuild/freebsd-arm64/-/freebsd-arm64-0.17.3.tgz#90ec1755abca4c3ffe1ad10819cd9d31deddcb89"

"@esbuild/freebsd-x64@0.17.3":
  version "0.17.3"
  resolved "https://registry.yarnpkg.com/@esbuild/freebsd-x64/-/freebsd-x64-0.17.3.tgz#8760eedc466af253c3ed0dfa2940d0e59b8b0895"

"@esbuild/linux-arm64@0.17.3":
  version "0.17.3"
  resolved "https://registry.yarnpkg.com/@esbuild/linux-arm64/-/linux-arm64-0.17.3.tgz#13916fc8873115d7d546656e19037267b12d4567"

"@esbuild/linux-arm@0.17.3":
  version "0.17.3"
  resolved "https://registry.yarnpkg.com/@esbuild/linux-arm/-/linux-arm-0.17.3.tgz#15f876d127b244635ddc09eaaa65ae97bc472a63"

"@esbuild/linux-ia32@0.17.3":
  version "0.17.3"
  resolved "https://registry.yarnpkg.com/@esbuild/linux-ia32/-/linux-ia32-0.17.3.tgz#6691f02555d45b698195c81c9070ab4e521ef005"

"@esbuild/linux-loong64@0.17.3":
  version "0.17.3"
  resolved "https://registry.yarnpkg.com/@esbuild/linux-loong64/-/linux-loong64-0.17.3.tgz#f77ef657f222d8b3a8fbd530a09e40976c458d48"

"@esbuild/linux-mips64el@0.17.3":
  version "0.17.3"
  resolved "https://registry.yarnpkg.com/@esbuild/linux-mips64el/-/linux-mips64el-0.17.3.tgz#fa38833cfc8bfaadaa12b243257fe6d19d0f6f79"

"@esbuild/linux-ppc64@0.17.3":
  version "0.17.3"
  resolved "https://registry.yarnpkg.com/@esbuild/linux-ppc64/-/linux-ppc64-0.17.3.tgz#c157a602b627c90d174743e4b0dfb7630b101dbf"

"@esbuild/linux-riscv64@0.17.3":
  version "0.17.3"
  resolved "https://registry.yarnpkg.com/@esbuild/linux-riscv64/-/linux-riscv64-0.17.3.tgz#7bf79614bd544bd932839b1fcff6cf1f8f6bdf1a"

"@esbuild/linux-s390x@0.17.3":
  version "0.17.3"
  resolved "https://registry.yarnpkg.com/@esbuild/linux-s390x/-/linux-s390x-0.17.3.tgz#6bb50c5a2613d31ce1137fe5c249ecadbecccdea"

"@esbuild/linux-x64@0.17.3":
  version "0.17.3"
  resolved "https://registry.npmjs.org/@esbuild/linux-x64/-/linux-x64-0.17.3.tgz"

"@esbuild/netbsd-x64@0.17.3":
  version "0.17.3"
  resolved "https://registry.yarnpkg.com/@esbuild/netbsd-x64/-/netbsd-x64-0.17.3.tgz#b6ae9948b03e4c95dc581c68358fb61d9d12a625"

"@esbuild/openbsd-x64@0.17.3":
  version "0.17.3"
  resolved "https://registry.yarnpkg.com/@esbuild/openbsd-x64/-/openbsd-x64-0.17.3.tgz#cda007233e211fc9154324bfa460540cfc469408"

"@esbuild/sunos-x64@0.17.3":
  version "0.17.3"
  resolved "https://registry.yarnpkg.com/@esbuild/sunos-x64/-/sunos-x64-0.17.3.tgz#f1385b092000c662d360775f3fad80943d2169c4"

"@esbuild/win32-arm64@0.17.3":
  version "0.17.3"
  resolved "https://registry.yarnpkg.com/@esbuild/win32-arm64/-/win32-arm64-0.17.3.tgz#14e9dd9b1b55aa991f80c120fef0c4492d918801"

"@esbuild/win32-ia32@0.17.3":
  version "0.17.3"
  resolved "https://registry.yarnpkg.com/@esbuild/win32-ia32/-/win32-ia32-0.17.3.tgz#de584423513d13304a6925e01233499a37a4e075"

"@esbuild/win32-x64@0.17.3":
  version "0.17.3"
  resolved "https://registry.yarnpkg.com/@esbuild/win32-x64/-/win32-x64-0.17.3.tgz#2f69ea6b37031b0d1715dd2da832a8ae5eb36e74"

"@hotwired/stimulus@^3.2.1":
  version "3.2.1"
  resolved "https://registry.npmjs.org/@hotwired/stimulus/-/stimulus-3.2.1.tgz"

"@hotwired/turbo-rails@^7.2.4":
  version "7.2.4"
  resolved "https://registry.npmjs.org/@hotwired/turbo-rails/-/turbo-rails-7.2.4.tgz"
  dependencies:
    "@hotwired/turbo" "^7.2.4"
    "@rails/actioncable" "^7.0"

"@hotwired/turbo@^7.2.4":
  version "7.2.4"
  resolved "https://registry.npmjs.org/@hotwired/turbo/-/turbo-7.2.4.tgz"

"@popperjs/core@^2.11.6":
  version "2.11.6"
  resolved "https://registry.npmjs.org/@popperjs/core/-/core-2.11.6.tgz"

"@rails/actioncable@^7.0":
  version "7.0.4"
  resolved "https://registry.npmjs.org/@rails/actioncable/-/actioncable-7.0.4.tgz"

anymatch@~3.1.2:
  version "3.1.3"
  resolved "https://registry.npmjs.org/anymatch/-/anymatch-3.1.3.tgz"
  dependencies:
    normalize-path "^3.0.0"
    picomatch "^2.0.4"

binary-extensions@^2.0.0:
  version "2.2.0"
  resolved "https://registry.npmjs.org/binary-extensions/-/binary-extensions-2.2.0.tgz"

bootstrap-icons@^1.10.3:
  version "1.10.3"
  resolved "https://registry.npmjs.org/bootstrap-icons/-/bootstrap-icons-1.10.3.tgz"

bootstrap@^5.2.3:
  version "5.2.3"
  resolved "https://registry.npmjs.org/bootstrap/-/bootstrap-5.2.3.tgz"

braces@~3.0.2:
  version "3.0.3"
  resolved "https://registry.yarnpkg.com/braces/-/braces-3.0.3.tgz#490332f40919452272d55a8480adc0c441358789"
  dependencies:
    fill-range "^7.1.1"

"chokidar@>=3.0.0 <4.0.0":
  version "3.5.3"
  resolved "https://registry.npmjs.org/chokidar/-/chokidar-3.5.3.tgz"
  dependencies:
    anymatch "~3.1.2"
    braces "~3.0.2"
    glob-parent "~5.1.2"
    is-binary-path "~2.1.0"
    is-glob "~4.0.1"
    normalize-path "~3.0.0"
    readdirp "~3.6.0"
  optionalDependencies:
    fsevents "~2.3.2"

esbuild@^0.17.3:
  version "0.17.3"
  resolved "https://registry.npmjs.org/esbuild/-/esbuild-0.17.3.tgz"
  optionalDependencies:
    "@esbuild/android-arm" "0.17.3"
    "@esbuild/android-arm64" "0.17.3"
    "@esbuild/android-x64" "0.17.3"
    "@esbuild/darwin-arm64" "0.17.3"
    "@esbuild/darwin-x64" "0.17.3"
    "@esbuild/freebsd-arm64" "0.17.3"
    "@esbuild/freebsd-x64" "0.17.3"
    "@esbuild/linux-arm" "0.17.3"
    "@esbuild/linux-arm64" "0.17.3"
    "@esbuild/linux-ia32" "0.17.3"
    "@esbuild/linux-loong64" "0.17.3"
    "@esbuild/linux-mips64el" "0.17.3"
    "@esbuild/linux-ppc64" "0.17.3"
    "@esbuild/linux-riscv64" "0.17.3"
    "@esbuild/linux-s390x" "0.17.3"
    "@esbuild/linux-x64" "0.17.3"
    "@esbuild/netbsd-x64" "0.17.3"
    "@esbuild/openbsd-x64" "0.17.3"
    "@esbuild/sunos-x64" "0.17.3"
    "@esbuild/win32-arm64" "0.17.3"
    "@esbuild/win32-ia32" "0.17.3"
    "@esbuild/win32-x64" "0.17.3"

fill-range@^7.1.1:
  version "7.1.1"
  resolved "https://registry.yarnpkg.com/fill-range/-/fill-range-7.1.1.tgz#44265d3cac07e3ea7dc247516380643754a05292"
  dependencies:
    to-regex-range "^5.0.1"

fsevents@~2.3.2:
  version "2.3.3"
  resolved "https://registry.yarnpkg.com/fsevents/-/fsevents-2.3.3.tgz#cac6407785d03675a2a5e1a5305c697b347d90d6"

glob-parent@~5.1.2:
  version "5.1.2"
  resolved "https://registry.npmjs.org/glob-parent/-/glob-parent-5.1.2.tgz"
  dependencies:
    is-glob "^4.0.1"

immutable@^4.0.0:
  version "4.2.2"
  resolved "https://registry.npmjs.org/immutable/-/immutable-4.2.2.tgz"

is-binary-path@~2.1.0:
  version "2.1.0"
  resolved "https://registry.npmjs.org/is-binary-path/-/is-binary-path-2.1.0.tgz"
  dependencies:
    binary-extensions "^2.0.0"

is-extglob@^2.1.1:
  version "2.1.1"
  resolved "https://registry.npmjs.org/is-extglob/-/is-extglob-2.1.1.tgz"

is-glob@^4.0.1, is-glob@~4.0.1:
  version "4.0.3"
  resolved "https://registry.npmjs.org/is-glob/-/is-glob-4.0.3.tgz"
  dependencies:
    is-extglob "^2.1.1"

is-number@^7.0.0:
  version "7.0.0"
  resolved "https://registry.npmjs.org/is-number/-/is-number-7.0.0.tgz"

"js-tokens@^3.0.0 || ^4.0.0":
  version "4.0.0"
  resolved "https://registry.npmjs.org/js-tokens/-/js-tokens-4.0.0.tgz"

loose-envify@^1.1.0:
  version "1.4.0"
  resolved "https://registry.npmjs.org/loose-envify/-/loose-envify-1.4.0.tgz"
  dependencies:
    js-tokens "^3.0.0 || ^4.0.0"

normalize-path@^3.0.0, normalize-path@~3.0.0:
  version "3.0.0"
  resolved "https://registry.npmjs.org/normalize-path/-/normalize-path-3.0.0.tgz"

picomatch@^2.0.4, picomatch@^2.2.1:
  version "2.3.1"
  resolved "https://registry.npmjs.org/picomatch/-/picomatch-2.3.1.tgz"

react-dom@^18.2.0:
  version "18.2.0"
  resolved "https://registry.npmjs.org/react-dom/-/react-dom-18.2.0.tgz"
  dependencies:
    loose-envify "^1.1.0"
    scheduler "^0.23.0"

react@^18.2.0:
  version "18.2.0"
  resolved "https://registry.npmjs.org/react/-/react-18.2.0.tgz"
  dependencies:
    loose-envify "^1.1.0"

readdirp@~3.6.0:
  version "3.6.0"
  resolved "https://registry.npmjs.org/readdirp/-/readdirp-3.6.0.tgz"
  dependencies:
    picomatch "^2.2.1"

sass@^1.57.1:
  version "1.57.1"
  resolved "https://registry.npmjs.org/sass/-/sass-1.57.1.tgz"
  dependencies:
    chokidar ">=3.0.0 <4.0.0"
    immutable "^4.0.0"
    source-map-js ">=0.6.2 <2.0.0"

scheduler@^0.23.0:
  version "0.23.0"
  resolved "https://registry.npmjs.org/scheduler/-/scheduler-0.23.0.tgz"
  dependencies:
    loose-envify "^1.1.0"

"source-map-js@>=0.6.2 <2.0.0":
  version "1.0.2"
  resolved "https://registry.npmjs.org/source-map-js/-/source-map-js-1.0.2.tgz"

to-regex-range@^5.0.1:
  version "5.0.1"
  resolved "https://registry.npmjs.org/to-regex-range/-/to-regex-range-5.0.1.tgz"
  dependencies:
    is-number "^7.0.0"
